uuid: a958ee1d-f0f9-4957-ac57-2c2c4b02e955
langcode: en
status: true
dependencies:
  config:
    - paragraphs.paragraphs_type.story_block
  module:
    - content_translation
third_party_settings:
  content_translation:
    enabled: false
    bundle_settings:
      untranslatable_fields_hide: '0'
id: paragraph.story_block
target_entity_type_id: paragraph
target_bundle: story_block
default_langcode: site_default
language_alterable: false
